
Microsoft Visual Studio Solution File, Format Version 12.00
# Visual Studio Version 17
VisualStudioVersion = 17.10.35027.167
MinimumVisualStudioVersion = 10.0.40219.1
Project("{9A19103F-16F7-4668-BE54-9A1E7A4F7556}") = "SmartBug.Api", "SmartBug.Api\SmartBug.Api.csproj", "{13D6245B-5714-4072-BF34-181B90A3FC4E}"
EndProject
Project("{FAE04EC0-301F-11D3-BF4B-00C04F79EFBC}") = "SmartBug.Models", "SmartBug.Models\SmartBug.Models.csproj", "{B9B8A0A9-1AB4-4781-994F-1AC2E6393A0A}"
EndProject
Project("{FAE04EC0-301F-11D3-BF4B-00C04F79EFBC}") = "SmartBug.Context", "SmartBug.Context\SmartBug.Context.csproj", "{FE60076B-1CB0-440F-BE3B-84AA353BB243}"
EndProject
Global
	GlobalSection(SolutionConfigurationPlatforms) = preSolution
		Debug|Any CPU = Debug|Any CPU
		Release|Any CPU = Release|Any CPU
	EndGlobalSection
	GlobalSection(ProjectConfigurationPlatforms) = postSolution
		{13D6245B-5714-4072-BF34-181B90A3FC4E}.Debug|Any CPU.ActiveCfg = Debug|Any CPU
		{13D6245B-5714-4072-BF34-181B90A3FC4E}.Debug|Any CPU.Build.0 = Debug|Any CPU
		{13D6245B-5714-4072-BF34-181B90A3FC4E}.Release|Any CPU.ActiveCfg = Release|Any CPU
		{13D6245B-5714-4072-BF34-181B90A3FC4E}.Release|Any CPU.Build.0 = Release|Any CPU
		{B9B8A0A9-1AB4-4781-994F-1AC2E6393A0A}.Debug|Any CPU.ActiveCfg = Debug|Any CPU
		{B9B8A0A9-1AB4-4781-994F-1AC2E6393A0A}.Debug|Any CPU.Build.0 = Debug|Any CPU
		{B9B8A0A9-1AB4-4781-994F-1AC2E6393A0A}.Release|Any CPU.ActiveCfg = Release|Any CPU
		{B9B8A0A9-1AB4-4781-994F-1AC2E6393A0A}.Release|Any CPU.Build.0 = Release|Any CPU
		{FE60076B-1CB0-440F-BE3B-84AA353BB243}.Debug|Any CPU.ActiveCfg = Debug|Any CPU
		{FE60076B-1CB0-440F-BE3B-84AA353BB243}.Debug|Any CPU.Build.0 = Debug|Any CPU
		{FE60076B-1CB0-440F-BE3B-84AA353BB243}.Release|Any CPU.ActiveCfg = Release|Any CPU
		{FE60076B-1CB0-440F-BE3B-84AA353BB243}.Release|Any CPU.Build.0 = Release|Any CPU
	EndGlobalSection
	GlobalSection(SolutionProperties) = preSolution
		HideSolutionNode = FALSE
	EndGlobalSection
	GlobalSection(ExtensibilityGlobals) = postSolution
		SolutionGuid = {74E13038-C2B5-4F97-9213-7BA4006FC68B}
	EndGlobalSection
EndGlobal
